
Microsoft Visual Studio Solution File, Format Version 12.00
# Visual Studio Version 16
VisualStudioVersion = 16.0.29215.179
MinimumVisualStudioVersion = 10.0.40219.1
Project("{FAE04EC0-301F-11D3-BF4B-00C04F79EFBC}") = "RehabMakerV2.Android", "RehabMakerV2\RehabMakerV2.Android\RehabMakerV2.Android.csproj", "{6F556329-5DC1-4CFD-B33F-A8E5FFC9ECBB}"
EndProject
Project("{FAE04EC0-301F-11D3-BF4B-00C04F79EFBC}") = "RehabMakerV2.iOS", "RehabMakerV2\RehabMakerV2.iOS\RehabMakerV2.iOS.csproj", "{3981736A-7D11-427D-9EC6-C711E0228E3A}"
EndProject
Project("{9A19103F-16F7-4668-BE54-9A1E7A4F7556}") = "RehabMakerV2", "RehabMakerV2\RehabMakerV2\RehabMakerV2.csproj", "{3A5BD3AB-3BA2-4119-B088-BA62D98735F8}"
EndProject
Global
	GlobalSection(SolutionConfigurationPlatforms) = preSolution
		Ad-Hoc|Any CPU = Ad-Hoc|Any CPU
		Ad-Hoc|ARM = Ad-Hoc|ARM
		Ad-Hoc|iPhone = Ad-Hoc|iPhone
		Ad-Hoc|iPhoneSimulator = Ad-Hoc|iPhoneSimulator
		Ad-Hoc|x64 = Ad-Hoc|x64
		Ad-Hoc|x86 = Ad-Hoc|x86
		AppStore|Any CPU = AppStore|Any CPU
		AppStore|ARM = AppStore|ARM
		AppStore|iPhone = AppStore|iPhone
		AppStore|iPhoneSimulator = AppStore|iPhoneSimulator
		AppStore|x64 = AppStore|x64
		AppStore|x86 = AppStore|x86
		Debug|Any CPU = Debug|Any CPU
		Debug|ARM = Debug|ARM
		Debug|iPhone = Debug|iPhone
		Debug|iPhoneSimulator = Debug|iPhoneSimulator
		Debug|x64 = Debug|x64
		Debug|x86 = Debug|x86
		Release|Any CPU = Release|Any CPU
		Release|ARM = Release|ARM
		Release|iPhone = Release|iPhone
		Release|iPhoneSimulator = Release|iPhoneSimulator
		Release|x64 = Release|x64
		Release|x86 = Release|x86
	EndGlobalSection
	GlobalSection(ProjectConfigurationPlatforms) = postSolution
		{6F556329-5DC1-4CFD-B33F-A8E5FFC9ECBB}.Ad-Hoc|Any CPU.ActiveCfg = Release|Any CPU
		{6F556329-5DC1-4CFD-B33F-A8E5FFC9ECBB}.Ad-Hoc|Any CPU.Build.0 = Release|Any CPU
		{6F556329-5DC1-4CFD-B33F-A8E5FFC9ECBB}.Ad-Hoc|Any CPU.Deploy.0 = Release|Any CPU
		{6F556329-5DC1-4CFD-B33F-A8E5FFC9ECBB}.Ad-Hoc|ARM.ActiveCfg = Release|Any CPU
		{6F556329-5DC1-4CFD-B33F-A8E5FFC9ECBB}.Ad-Hoc|ARM.Build.0 = Release|Any CPU
		{6F556329-5DC1-4CFD-B33F-A8E5FFC9ECBB}.Ad-Hoc|ARM.Deploy.0 = Release|Any CPU
		{6F556329-5DC1-4CFD-B33F-A8E5FFC9ECBB}.Ad-Hoc|iPhone.ActiveCfg = Release|Any CPU
		{6F556329-5DC1-4CFD-B33F-A8E5FFC9ECBB}.Ad-Hoc|iPhone.Build.0 = Release|Any CPU
		{6F556329-5DC1-4CFD-B33F-A8E5FFC9ECBB}.Ad-Hoc|iPhone.Deploy.0 = Release|Any CPU
		{6F556329-5DC1-4CFD-B33F-A8E5FFC9ECBB}.Ad-Hoc|iPhoneSimulator.ActiveCfg = Release|Any CPU
		{6F556329-5DC1-4CFD-B33F-A8E5FFC9ECBB}.Ad-Hoc|iPhoneSimulator.Build.0 = Release|Any CPU
		{6F556329-5DC1-4CFD-B33F-A8E5FFC9ECBB}.Ad-Hoc|iPhoneSimulator.Deploy.0 = Release|Any CPU
		{6F556329-5DC1-4CFD-B33F-A8E5FFC9ECBB}.Ad-Hoc|x64.ActiveCfg = Release|Any CPU
		{6F556329-5DC1-4CFD-B33F-A8E5FFC9ECBB}.Ad-Hoc|x64.Build.0 = Release|Any CPU
		{6F556329-5DC1-4CFD-B33F-A8E5FFC9ECBB}.Ad-Hoc|x64.Deploy.0 = Release|Any CPU
		{6F556329-5DC1-4CFD-B33F-A8E5FFC9ECBB}.Ad-Hoc|x86.ActiveCfg = Release|Any CPU
		{6F556329-5DC1-4CFD-B33F-A8E5FFC9ECBB}.Ad-Hoc|x86.Build.0 = Release|Any CPU
		{6F556329-5DC1-4CFD-B33F-A8E5FFC9ECBB}.Ad-Hoc|x86.Deploy.0 = Release|Any CPU
		{6F556329-5DC1-4CFD-B33F-A8E5FFC9ECBB}.AppStore|Any CPU.ActiveCfg = Release|Any CPU
		{6F556329-5DC1-4CFD-B33F-A8E5FFC9ECBB}.AppStore|Any CPU.Build.0 = Release|Any CPU
		{6F556329-5DC1-4CFD-B33F-A8E5FFC9ECBB}.AppStore|Any CPU.Deploy.0 = Release|Any CPU
		{6F556329-5DC1-4CFD-B33F-A8E5FFC9ECBB}.AppStore|ARM.ActiveCfg = Release|Any CPU
		{6F556329-5DC1-4CFD-B33F-A8E5FFC9ECBB}.AppStore|ARM.Build.0 = Release|Any CPU
		{6F556329-5DC1-4CFD-B33F-A8E5FFC9ECBB}.AppStore|ARM.Deploy.0 = Release|Any CPU
		{6F556329-5DC1-4CFD-B33F-A8E5FFC9ECBB}.AppStore|iPhone.ActiveCfg = Release|Any CPU
		{6F556329-5DC1-4CFD-B33F-A8E5FFC9ECBB}.AppStore|iPhone.Build.0 = Release|Any CPU
		{6F556329-5DC1-4CFD-B33F-A8E5FFC9ECBB}.AppStore|iPhone.Deploy.0 = Release|Any CPU
		{6F556329-5DC1-4CFD-B33F-A8E5FFC9ECBB}.AppStore|iPhoneSimulator.ActiveCfg = Release|Any CPU
		{6F556329-5DC1-4CFD-B33F-A8E5FFC9ECBB}.AppStore|iPhoneSimulator.Build.0 = Release|Any CPU
		{6F556329-5DC1-4CFD-B33F-A8E5FFC9ECBB}.AppStore|iPhoneSimulator.Deploy.0 = Release|Any CPU
		{6F556329-5DC1-4CFD-B33F-A8E5FFC9ECBB}.AppStore|x64.ActiveCfg = Release|Any CPU
		{6F556329-5DC1-4CFD-B33F-A8E5FFC9ECBB}.AppStore|x64.Build.0 = Release|Any CPU
		{6F556329-5DC1-4CFD-B33F-A8E5FFC9ECBB}.AppStore|x64.Deploy.0 = Release|Any CPU
		{6F556329-5DC1-4CFD-B33F-A8E5FFC9ECBB}.AppStore|x86.ActiveCfg = Release|Any CPU
		{6F556329-5DC1-4CFD-B33F-A8E5FFC9ECBB}.AppStore|x86.Build.0 = Release|Any CPU
		{6F556329-5DC1-4CFD-B33F-A8E5FFC9ECBB}.AppStore|x86.Deploy.0 = Release|Any CPU
		{6F556329-5DC1-4CFD-B33F-A8E5FFC9ECBB}.Debug|Any CPU.ActiveCfg = Debug|Any CPU
		{6F556329-5DC1-4CFD-B33F-A8E5FFC9ECBB}.Debug|Any CPU.Build.0 = Debug|Any CPU
		{6F556329-5DC1-4CFD-B33F-A8E5FFC9ECBB}.Debug|Any CPU.Deploy.0 = Debug|Any CPU
		{6F556329-5DC1-4CFD-B33F-A8E5FFC9ECBB}.Debug|ARM.ActiveCfg = Debug|Any CPU
		{6F556329-5DC1-4CFD-B33F-A8E5FFC9ECBB}.Debug|ARM.Build.0 = Debug|Any CPU
		{6F556329-5DC1-4CFD-B33F-A8E5FFC9ECBB}.Debug|ARM.Deploy.0 = Debug|Any CPU
		{6F556329-5DC1-4CFD-B33F-A8E5FFC9ECBB}.Debug|iPhone.ActiveCfg = Debug|Any CPU
		{6F556329-5DC1-4CFD-B33F-A8E5FFC9ECBB}.Debug|iPhone.Build.0 = Debug|Any CPU
		{6F556329-5DC1-4CFD-B33F-A8E5FFC9ECBB}.Debug|iPhone.Deploy.0 = Debug|Any CPU
		{6F556329-5DC1-4CFD-B33F-A8E5FFC9ECBB}.Debug|iPhoneSimulator.ActiveCfg = Debug|Any CPU
		{6F556329-5DC1-4CFD-B33F-A8E5FFC9ECBB}.Debug|iPhoneSimulator.Build.0 = Debug|Any CPU
		{6F556329-5DC1-4CFD-B33F-A8E5FFC9ECBB}.Debug|iPhoneSimulator.Deploy.0 = Debug|Any CPU
		{6F556329-5DC1-4CFD-B33F-A8E5FFC9ECBB}.Debug|x64.ActiveCfg = Debug|Any CPU
		{6F556329-5DC1-4CFD-B33F-A8E5FFC9ECBB}.Debug|x64.Build.0 = Debug|Any CPU
		{6F556329-5DC1-4CFD-B33F-A8E5FFC9ECBB}.Debug|x64.Deploy.0 = Debug|Any CPU
		{6F556329-5DC1-4CFD-B33F-A8E5FFC9ECBB}.Debug|x86.ActiveCfg = Debug|Any CPU
		{6F556329-5DC1-4CFD-B33F-A8E5FFC9ECBB}.Debug|x86.Build.0 = Debug|Any CPU
		{6F556329-5DC1-4CFD-B33F-A8E5FFC9ECBB}.Debug|x86.Deploy.0 = Debug|Any CPU
		{6F556329-5DC1-4CFD-B33F-A8E5FFC9ECBB}.Release|Any CPU.ActiveCfg = Release|Any CPU
		{6F556329-5DC1-4CFD-B33F-A8E5FFC9ECBB}.Release|Any CPU.Build.0 = Release|Any CPU
		{6F556329-5DC1-4CFD-B33F-A8E5FFC9ECBB}.Release|Any CPU.Deploy.0 = Release|Any CPU
		{6F556329-5DC1-4CFD-B33F-A8E5FFC9ECBB}.Release|ARM.ActiveCfg = Release|Any CPU
		{6F556329-5DC1-4CFD-B33F-A8E5FFC9ECBB}.Release|ARM.Build.0 = Release|Any CPU
		{6F556329-5DC1-4CFD-B33F-A8E5FFC9ECBB}.Release|ARM.Deploy.0 = Release|Any CPU
		{6F556329-5DC1-4CFD-B33F-A8E5FFC9ECBB}.Release|iPhone.ActiveCfg = Release|Any CPU
		{6F556329-5DC1-4CFD-B33F-A8E5FFC9ECBB}.Release|iPhone.Build.0 = Release|Any CPU
		{6F556329-5DC1-4CFD-B33F-A8E5FFC9ECBB}.Release|iPhone.Deploy.0 = Release|Any CPU
		{6F556329-5DC1-4CFD-B33F-A8E5FFC9ECBB}.Release|iPhoneSimulator.ActiveCfg = Release|Any CPU
		{6F556329-5DC1-4CFD-B33F-A8E5FFC9ECBB}.Release|iPhoneSimulator.Build.0 = Release|Any CPU
		{6F556329-5DC1-4CFD-B33F-A8E5FFC9ECBB}.Release|iPhoneSimulator.Deploy.0 = Release|Any CPU
		{6F556329-5DC1-4CFD-B33F-A8E5FFC9ECBB}.Release|x64.ActiveCfg = Release|Any CPU
		{6F556329-5DC1-4CFD-B33F-A8E5FFC9ECBB}.Release|x64.Build.0 = Release|Any CPU
		{6F556329-5DC1-4CFD-B33F-A8E5FFC9ECBB}.Release|x64.Deploy.0 = Release|Any CPU
		{6F556329-5DC1-4CFD-B33F-A8E5FFC9ECBB}.Release|x86.ActiveCfg = Release|Any CPU
		{6F556329-5DC1-4CFD-B33F-A8E5FFC9ECBB}.Release|x86.Build.0 = Release|Any CPU
		{6F556329-5DC1-4CFD-B33F-A8E5FFC9ECBB}.Release|x86.Deploy.0 = Release|Any CPU
		{3981736A-7D11-427D-9EC6-C711E0228E3A}.Ad-Hoc|Any CPU.ActiveCfg = Ad-Hoc|iPhone
		{3981736A-7D11-427D-9EC6-C711E0228E3A}.Ad-Hoc|Any CPU.Build.0 = Ad-Hoc|iPhone
		{3981736A-7D11-427D-9EC6-C711E0228E3A}.Ad-Hoc|Any CPU.Deploy.0 = Ad-Hoc|iPhone
		{3981736A-7D11-427D-9EC6-C711E0228E3A}.Ad-Hoc|ARM.ActiveCfg = Ad-Hoc|iPhone
		{3981736A-7D11-427D-9EC6-C711E0228E3A}.Ad-Hoc|ARM.Build.0 = Ad-Hoc|iPhone
		{3981736A-7D11-427D-9EC6-C711E0228E3A}.Ad-Hoc|ARM.Deploy.0 = Ad-Hoc|iPhone
		{3981736A-7D11-427D-9EC6-C711E0228E3A}.Ad-Hoc|iPhone.ActiveCfg = Ad-Hoc|iPhone
		{3981736A-7D11-427D-9EC6-C711E0228E3A}.Ad-Hoc|iPhone.Build.0 = Ad-Hoc|iPhone
		{3981736A-7D11-427D-9EC6-C711E0228E3A}.Ad-Hoc|iPhone.Deploy.0 = Ad-Hoc|iPhone
		{3981736A-7D11-427D-9EC6-C711E0228E3A}.Ad-Hoc|iPhoneSimulator.ActiveCfg = Ad-Hoc|iPhoneSimulator
		{3981736A-7D11-427D-9EC6-C711E0228E3A}.Ad-Hoc|iPhoneSimulator.Build.0 = Ad-Hoc|iPhoneSimulator
		{3981736A-7D11-427D-9EC6-C711E0228E3A}.Ad-Hoc|iPhoneSimulator.Deploy.0 = Ad-Hoc|iPhoneSimulator
		{3981736A-7D11-427D-9EC6-C711E0228E3A}.Ad-Hoc|x64.ActiveCfg = Ad-Hoc|iPhone
		{3981736A-7D11-427D-9EC6-C711E0228E3A}.Ad-Hoc|x64.Build.0 = Ad-Hoc|iPhone
		{3981736A-7D11-427D-9EC6-C711E0228E3A}.Ad-Hoc|x64.Deploy.0 = Ad-Hoc|iPhone
		{3981736A-7D11-427D-9EC6-C711E0228E3A}.Ad-Hoc|x86.ActiveCfg = Ad-Hoc|iPhone
		{3981736A-7D11-427D-9EC6-C711E0228E3A}.Ad-Hoc|x86.Build.0 = Ad-Hoc|iPhone
		{3981736A-7D11-427D-9EC6-C711E0228E3A}.Ad-Hoc|x86.Deploy.0 = Ad-Hoc|iPhone
		{3981736A-7D11-427D-9EC6-C711E0228E3A}.AppStore|Any CPU.ActiveCfg = AppStore|iPhone
		{3981736A-7D11-427D-9EC6-C711E0228E3A}.AppStore|Any CPU.Build.0 = AppStore|iPhone
		{3981736A-7D11-427D-9EC6-C711E0228E3A}.AppStore|Any CPU.Deploy.0 = AppStore|iPhone
		{3981736A-7D11-427D-9EC6-C711E0228E3A}.AppStore|ARM.ActiveCfg = AppStore|iPhone
		{3981736A-7D11-427D-9EC6-C711E0228E3A}.AppStore|ARM.Build.0 = AppStore|iPhone
		{3981736A-7D11-427D-9EC6-C711E0228E3A}.AppStore|ARM.Deploy.0 = AppStore|iPhone
		{3981736A-7D11-427D-9EC6-C711E0228E3A}.AppStore|iPhone.ActiveCfg = AppStore|iPhone
		{3981736A-7D11-427D-9EC6-C711E0228E3A}.AppStore|iPhone.Build.0 = AppStore|iPhone
		{3981736A-7D11-427D-9EC6-C711E0228E3A}.AppStore|iPhone.Deploy.0 = AppStore|iPhone
		{3981736A-7D11-427D-9EC6-C711E0228E3A}.AppStore|iPhoneSimulator.ActiveCfg = AppStore|iPhoneSimulator
		{3981736A-7D11-427D-9EC6-C711E0228E3A}.AppStore|iPhoneSimulator.Build.0 = AppStore|iPhoneSimulator
		{3981736A-7D11-427D-9EC6-C711E0228E3A}.AppStore|iPhoneSimulator.Deploy.0 = AppStore|iPhoneSimulator
		{3981736A-7D11-427D-9EC6-C711E0228E3A}.AppStore|x64.ActiveCfg = AppStore|iPhone
		{3981736A-7D11-427D-9EC6-C711E0228E3A}.AppStore|x64.Build.0 = AppStore|iPhone
		{3981736A-7D11-427D-9EC6-C711E0228E3A}.AppStore|x64.Deploy.0 = AppStore|iPhone
		{3981736A-7D11-427D-9EC6-C711E0228E3A}.AppStore|x86.ActiveCfg = AppStore|iPhone
		{3981736A-7D11-427D-9EC6-C711E0228E3A}.AppStore|x86.Build.0 = AppStore|iPhone
		{3981736A-7D11-427D-9EC6-C711E0228E3A}.AppStore|x86.Deploy.0 = AppStore|iPhone
		{3981736A-7D11-427D-9EC6-C711E0228E3A}.Debug|Any CPU.ActiveCfg = Debug|iPhoneSimulator
		{3981736A-7D11-427D-9EC6-C711E0228E3A}.Debug|Any CPU.Build.0 = Debug|iPhoneSimulator
		{3981736A-7D11-427D-9EC6-C711E0228E3A}.Debug|Any CPU.Deploy.0 = Debug|iPhoneSimulator
		{3981736A-7D11-427D-9EC6-C711E0228E3A}.Debug|ARM.ActiveCfg = Debug|iPhone
		{3981736A-7D11-427D-9EC6-C711E0228E3A}.Debug|ARM.Build.0 = Debug|iPhone
		{3981736A-7D11-427D-9EC6-C711E0228E3A}.Debug|ARM.Deploy.0 = Debug|iPhone
		{3981736A-7D11-427D-9EC6-C711E0228E3A}.Debug|iPhone.ActiveCfg = Debug|iPhone
		{3981736A-7D11-427D-9EC6-C711E0228E3A}.Debug|iPhone.Build.0 = Debug|iPhone
		{3981736A-7D11-427D-9EC6-C711E0228E3A}.Debug|iPhone.Deploy.0 = Debug|iPhone
		{3981736A-7D11-427D-9EC6-C711E0228E3A}.Debug|iPhoneSimulator.ActiveCfg = Debug|iPhoneSimulator
		{3981736A-7D11-427D-9EC6-C711E0228E3A}.Debug|iPhoneSimulator.Build.0 = Debug|iPhoneSimulator
		{3981736A-7D11-427D-9EC6-C711E0228E3A}.Debug|iPhoneSimulator.Deploy.0 = Debug|iPhoneSimulator
		{3981736A-7D11-427D-9EC6-C711E0228E3A}.Debug|x64.ActiveCfg = Debug|iPhone
		{3981736A-7D11-427D-9EC6-C711E0228E3A}.Debug|x64.Build.0 = Debug|iPhone
		{3981736A-7D11-427D-9EC6-C711E0228E3A}.Debug|x64.Deploy.0 = Debug|iPhone
		{3981736A-7D11-427D-9EC6-C711E0228E3A}.Debug|x86.ActiveCfg = Debug|iPhone
		{3981736A-7D11-427D-9EC6-C711E0228E3A}.Debug|x86.Build.0 = Debug|iPhone
		{3981736A-7D11-427D-9EC6-C711E0228E3A}.Debug|x86.Deploy.0 = Debug|iPhone
		{3981736A-7D11-427D-9EC6-C711E0228E3A}.Release|Any CPU.ActiveCfg = Release|iPhone
		{3981736A-7D11-427D-9EC6-C711E0228E3A}.Release|Any CPU.Build.0 = Release|iPhone
		{3981736A-7D11-427D-9EC6-C711E0228E3A}.Release|Any CPU.Deploy.0 = Release|iPhone
		{3981736A-7D11-427D-9EC6-C711E0228E3A}.Release|ARM.ActiveCfg = Release|iPhone
		{3981736A-7D11-427D-9EC6-C711E0228E3A}.Release|ARM.Build.0 = Release|iPhone
		{3981736A-7D11-427D-9EC6-C711E0228E3A}.Release|ARM.Deploy.0 = Release|iPhone
		{3981736A-7D11-427D-9EC6-C711E0228E3A}.Release|iPhone.ActiveCfg = Release|iPhone
		{3981736A-7D11-427D-9EC6-C711E0228E3A}.Release|iPhone.Build.0 = Release|iPhone
		{3981736A-7D11-427D-9EC6-C711E0228E3A}.Release|iPhone.Deploy.0 = Release|iPhone
		{3981736A-7D11-427D-9EC6-C711E0228E3A}.Release|iPhoneSimulator.ActiveCfg = Release|iPhoneSimulator
		{3981736A-7D11-427D-9EC6-C711E0228E3A}.Release|iPhoneSimulator.Build.0 = Release|iPhoneSimulator
		{3981736A-7D11-427D-9EC6-C711E0228E3A}.Release|iPhoneSimulator.Deploy.0 = Release|iPhoneSimulator
		{3981736A-7D11-427D-9EC6-C711E0228E3A}.Release|x64.ActiveCfg = Release|iPhone
		{3981736A-7D11-427D-9EC6-C711E0228E3A}.Release|x64.Build.0 = Release|iPhone
		{3981736A-7D11-427D-9EC6-C711E0228E3A}.Release|x64.Deploy.0 = Release|iPhone
		{3981736A-7D11-427D-9EC6-C711E0228E3A}.Release|x86.ActiveCfg = Release|iPhone
		{3981736A-7D11-427D-9EC6-C711E0228E3A}.Release|x86.Build.0 = Release|iPhone
		{3981736A-7D11-427D-9EC6-C711E0228E3A}.Release|x86.Deploy.0 = Release|iPhone
		{3A5BD3AB-3BA2-4119-B088-BA62D98735F8}.Ad-Hoc|Any CPU.ActiveCfg = Debug|Any CPU
		{3A5BD3AB-3BA2-4119-B088-BA62D98735F8}.Ad-Hoc|Any CPU.Build.0 = Debug|Any CPU
		{3A5BD3AB-3BA2-4119-B088-BA62D98735F8}.Ad-Hoc|Any CPU.Deploy.0 = Debug|Any CPU
		{3A5BD3AB-3BA2-4119-B088-BA62D98735F8}.Ad-Hoc|ARM.ActiveCfg = Debug|Any CPU
		{3A5BD3AB-3BA2-4119-B088-BA62D98735F8}.Ad-Hoc|ARM.Build.0 = Debug|Any CPU
		{3A5BD3AB-3BA2-4119-B088-BA62D98735F8}.Ad-Hoc|ARM.Deploy.0 = Debug|Any CPU
		{3A5BD3AB-3BA2-4119-B088-BA62D98735F8}.Ad-Hoc|iPhone.ActiveCfg = Debug|Any CPU
		{3A5BD3AB-3BA2-4119-B088-BA62D98735F8}.Ad-Hoc|iPhone.Build.0 = Debug|Any CPU
		{3A5BD3AB-3BA2-4119-B088-BA62D98735F8}.Ad-Hoc|iPhone.Deploy.0 = Debug|Any CPU
		{3A5BD3AB-3BA2-4119-B088-BA62D98735F8}.Ad-Hoc|iPhoneSimulator.ActiveCfg = Debug|Any CPU
		{3A5BD3AB-3BA2-4119-B088-BA62D98735F8}.Ad-Hoc|iPhoneSimulator.Build.0 = Debug|Any CPU
		{3A5BD3AB-3BA2-4119-B088-BA62D98735F8}.Ad-Hoc|iPhoneSimulator.Deploy.0 = Debug|Any CPU
		{3A5BD3AB-3BA2-4119-B088-BA62D98735F8}.Ad-Hoc|x64.ActiveCfg = Debug|Any CPU
		{3A5BD3AB-3BA2-4119-B088-BA62D98735F8}.Ad-Hoc|x64.Build.0 = Debug|Any CPU
		{3A5BD3AB-3BA2-4119-B088-BA62D98735F8}.Ad-Hoc|x64.Deploy.0 = Debug|Any CPU
		{3A5BD3AB-3BA2-4119-B088-BA62D98735F8}.Ad-Hoc|x86.ActiveCfg = Debug|Any CPU
		{3A5BD3AB-3BA2-4119-B088-BA62D98735F8}.Ad-Hoc|x86.Build.0 = Debug|Any CPU
		{3A5BD3AB-3BA2-4119-B088-BA62D98735F8}.Ad-Hoc|x86.Deploy.0 = Debug|Any CPU
		{3A5BD3AB-3BA2-4119-B088-BA62D98735F8}.AppStore|Any CPU.ActiveCfg = Debug|Any CPU
		{3A5BD3AB-3BA2-4119-B088-BA62D98735F8}.AppStore|Any CPU.Build.0 = Debug|Any CPU
		{3A5BD3AB-3BA2-4119-B088-BA62D98735F8}.AppStore|Any CPU.Deploy.0 = Debug|Any CPU
		{3A5BD3AB-3BA2-4119-B088-BA62D98735F8}.AppStore|ARM.ActiveCfg = Debug|Any CPU
		{3A5BD3AB-3BA2-4119-B088-BA62D98735F8}.AppStore|ARM.Build.0 = Debug|Any CPU
		{3A5BD3AB-3BA2-4119-B088-BA62D98735F8}.AppStore|ARM.Deploy.0 = Debug|Any CPU
		{3A5BD3AB-3BA2-4119-B088-BA62D98735F8}.AppStore|iPhone.ActiveCfg = Debug|Any CPU
		{3A5BD3AB-3BA2-4119-B088-BA62D98735F8}.AppStore|iPhone.Build.0 = Debug|Any CPU
		{3A5BD3AB-3BA2-4119-B088-BA62D98735F8}.AppStore|iPhone.Deploy.0 = Debug|Any CPU
		{3A5BD3AB-3BA2-4119-B088-BA62D98735F8}.AppStore|iPhoneSimulator.ActiveCfg = Debug|Any CPU
		{3A5BD3AB-3BA2-4119-B088-BA62D98735F8}.AppStore|iPhoneSimulator.Build.0 = Debug|Any CPU
		{3A5BD3AB-3BA2-4119-B088-BA62D98735F8}.AppStore|iPhoneSimulator.Deploy.0 = Debug|Any CPU
		{3A5BD3AB-3BA2-4119-B088-BA62D98735F8}.AppStore|x64.ActiveCfg = Debug|Any CPU
		{3A5BD3AB-3BA2-4119-B088-BA62D98735F8}.AppStore|x64.Build.0 = Debug|Any CPU
		{3A5BD3AB-3BA2-4119-B088-BA62D98735F8}.AppStore|x64.Deploy.0 = Debug|Any CPU
		{3A5BD3AB-3BA2-4119-B088-BA62D98735F8}.AppStore|x86.ActiveCfg = Debug|Any CPU
		{3A5BD3AB-3BA2-4119-B088-BA62D98735F8}.AppStore|x86.Build.0 = Debug|Any CPU
		{3A5BD3AB-3BA2-4119-B088-BA62D98735F8}.AppStore|x86.Deploy.0 = Debug|Any CPU
		{3A5BD3AB-3BA2-4119-B088-BA62D98735F8}.Debug|Any CPU.ActiveCfg = Debug|Any CPU
		{3A5BD3AB-3BA2-4119-B088-BA62D98735F8}.Debug|Any CPU.Build.0 = Debug|Any CPU
		{3A5BD3AB-3BA2-4119-B088-BA62D98735F8}.Debug|Any CPU.Deploy.0 = Debug|Any CPU
		{3A5BD3AB-3BA2-4119-B088-BA62D98735F8}.Debug|ARM.ActiveCfg = Debug|Any CPU
		{3A5BD3AB-3BA2-4119-B088-BA62D98735F8}.Debug|ARM.Build.0 = Debug|Any CPU
		{3A5BD3AB-3BA2-4119-B088-BA62D98735F8}.Debug|ARM.Deploy.0 = Debug|Any CPU
		{3A5BD3AB-3BA2-4119-B088-BA62D98735F8}.Debug|iPhone.ActiveCfg = Debug|Any CPU
		{3A5BD3AB-3BA2-4119-B088-BA62D98735F8}.Debug|iPhone.Build.0 = Debug|Any CPU
		{3A5BD3AB-3BA2-4119-B088-BA62D98735F8}.Debug|iPhone.Deploy.0 = Debug|Any CPU
		{3A5BD3AB-3BA2-4119-B088-BA62D98735F8}.Debug|iPhoneSimulator.ActiveCfg = Debug|Any CPU
		{3A5BD3AB-3BA2-4119-B088-BA62D98735F8}.Debug|iPhoneSimulator.Build.0 = Debug|Any CPU
		{3A5BD3AB-3BA2-4119-B088-BA62D98735F8}.Debug|iPhoneSimulator.Deploy.0 = Debug|Any CPU
		{3A5BD3AB-3BA2-4119-B088-BA62D98735F8}.Debug|x64.ActiveCfg = Debug|Any CPU
		{3A5BD3AB-3BA2-4119-B088-BA62D98735F8}.Debug|x64.Build.0 = Debug|Any CPU
		{3A5BD3AB-3BA2-4119-B088-BA62D98735F8}.Debug|x64.Deploy.0 = Debug|Any CPU
		{3A5BD3AB-3BA2-4119-B088-BA62D98735F8}.Debug|x86.ActiveCfg = Debug|Any CPU
		{3A5BD3AB-3BA2-4119-B088-BA62D98735F8}.Debug|x86.Build.0 = Debug|Any CPU
		{3A5BD3AB-3BA2-4119-B088-BA62D98735F8}.Debug|x86.Deploy.0 = Debug|Any CPU
		{3A5BD3AB-3BA2-4119-B088-BA62D98735F8}.Release|Any CPU.ActiveCfg = Release|Any CPU
		{3A5BD3AB-3BA2-4119-B088-BA62D98735F8}.Release|Any CPU.Build.0 = Release|Any CPU
		{3A5BD3AB-3BA2-4119-B088-BA62D98735F8}.Release|Any CPU.Deploy.0 = Release|Any CPU
		{3A5BD3AB-3BA2-4119-B088-BA62D98735F8}.Release|ARM.ActiveCfg = Release|Any CPU
		{3A5BD3AB-3BA2-4119-B088-BA62D98735F8}.Release|ARM.Build.0 = Release|Any CPU
		{3A5BD3AB-3BA2-4119-B088-BA62D98735F8}.Release|ARM.Deploy.0 = Release|Any CPU
		{3A5BD3AB-3BA2-4119-B088-BA62D98735F8}.Release|iPhone.ActiveCfg = Release|Any CPU
		{3A5BD3AB-3BA2-4119-B088-BA62D98735F8}.Release|iPhone.Build.0 = Release|Any CPU
		{3A5BD3AB-3BA2-4119-B088-BA62D98735F8}.Release|iPhone.Deploy.0 = Release|Any CPU
		{3A5BD3AB-3BA2-4119-B088-BA62D98735F8}.Release|iPhoneSimulator.ActiveCfg = Release|Any CPU
		{3A5BD3AB-3BA2-4119-B088-BA62D98735F8}.Release|iPhoneSimulator.Build.0 = Release|Any CPU
		{3A5BD3AB-3BA2-4119-B088-BA62D98735F8}.Release|iPhoneSimulator.Deploy.0 = Release|Any CPU
		{3A5BD3AB-3BA2-4119-B088-BA62D98735F8}.Release|x64.ActiveCfg = Release|Any CPU
		{3A5BD3AB-3BA2-4119-B088-BA62D98735F8}.Release|x64.Build.0 = Release|Any CPU
		{3A5BD3AB-3BA2-4119-B088-BA62D98735F8}.Release|x64.Deploy.0 = Release|Any CPU
		{3A5BD3AB-3BA2-4119-B088-BA62D98735F8}.Release|x86.ActiveCfg = Release|Any CPU
		{3A5BD3AB-3BA2-4119-B088-BA62D98735F8}.Release|x86.Build.0 = Release|Any CPU
		{3A5BD3AB-3BA2-4119-B088-BA62D98735F8}.Release|x86.Deploy.0 = Release|Any CPU
	EndGlobalSection
	GlobalSection(SolutionProperties) = preSolution
		HideSolutionNode = FALSE
	EndGlobalSection
	GlobalSection(ExtensibilityGlobals) = postSolution
		SolutionGuid = {0AB74453-5F91-47DC-B2B7-B34F06A07662}
	EndGlobalSection
EndGlobal
